# THIS IS AN AUTOGENERATED FILE. DO NOT EDIT THIS FILE DIRECTLY.
# yarn lockfile v1


web-vitals@^4.2.4:
  version "4.2.4"
  resolved "https://registry.yarnpkg.com/web-vitals/-/web-vitals-4.2.4.tgz#1d20bc8590a37769bd0902b289550936069184b7"
  integrity sha512-r4DIlprAGwJ7YM11VZp4R884m0Vmgr6EAKe3P+kO0PPj3Unqyvv59rczf6UiGcb9Z8QxZVcqKNwv/g0WNdWwsw==
